# THIS IS AN AUTOGENERATED FILE. DO NOT EDIT THIS FILE DIRECTLY.
# yarn lockfile v1


highlight.js@^10.6.0:
  version "10.6.0"
  resolved "https://registry.yarnpkg.com/highlight.js/-/highlight.js-10.6.0.tgz#0073aa71d566906965ba6e1b7be7b2682f5e18b6"
  integrity sha512-8mlRcn5vk/r4+QcqerapwBYTe+iPL5ih6xrNylxrnBdHQiijDETfXX7VIxC3UiCRiINBJfANBAsPzAvRQj8RpQ==
